
Microsoft Visual Studio Solution File, Format Version 12.00
# Visual Studio Version 17
VisualStudioVersion = 17.14.36202.13 d17.14
MinimumVisualStudioVersion = 10.0.40219.1
Project("{FAE04EC0-301F-11D3-BF4B-00C04F79EFBC}") = "SpectreConsoleGame", "SpectreConsoleGame.csproj", "{4D9B93B1-0458-4596-8800-D08E7987F84A}"
EndProject
Global
	GlobalSection(SolutionConfigurationPlatforms) = preSolution
		Debug|Any CPU = Debug|Any CPU
		Release|Any CPU = Release|Any CPU
	EndGlobalSection
	GlobalSection(ProjectConfigurationPlatforms) = postSolution
		{4D9B93B1-0458-4596-8800-D08E7987F84A}.Debug|Any CPU.ActiveCfg = Debug|Any CPU
		{4D9B93B1-0458-4596-8800-D08E7987F84A}.Debug|Any CPU.Build.0 = Debug|Any CPU
		{4D9B93B1-0458-4596-8800-D08E7987F84A}.Release|Any CPU.ActiveCfg = Release|Any CPU
		{4D9B93B1-0458-4596-8800-D08E7987F84A}.Release|Any CPU.Build.0 = Release|Any CPU
	EndGlobalSection
	GlobalSection(SolutionProperties) = preSolution
		HideSolutionNode = FALSE
	EndGlobalSection
	GlobalSection(ExtensibilityGlobals) = postSolution
		SolutionGuid = {633E9ECA-875A-4A2E-97D7-59EA18DC1EE8}
	EndGlobalSection
EndGlobal
